
Microsoft Visual Studio Solution File, Format Version 10.00
# Visual Studio 2008
Project("{8BC9CEB8-8B4A-11D0-8D11-00A0C91BC942}") = "peace", "peace.vcproj", "{9EBA0669-F2A1-4D6D-9A20-5C7D3067437C}"
	ProjectSection(ProjectDependencies) = postProject
		{4C746607-B671-4B48-BA83-CDE2B6785ECB} = {4C746607-B671-4B48-BA83-CDE2B6785ECB}
		{32582559-3A91-4BCF-948A-07EBB850DEC5} = {32582559-3A91-4BCF-948A-07EBB850DEC5}
		{9567166F-1CFC-4B8B-8893-AC4527DDB168} = {9567166F-1CFC-4B8B-8893-AC4527DDB168}
		{699FE57A-45B2-4382-9810-8F4C33BA8793} = {699FE57A-45B2-4382-9810-8F4C33BA8793}
		{6D92D889-462C-4731-AF52-A67805F96463} = {6D92D889-462C-4731-AF52-A67805F96463}
		{3CB2CEA2-4EEF-4311-B068-46CD904B12AD} = {3CB2CEA2-4EEF-4311-B068-46CD904B12AD}
		{F71495D6-4A8C-4493-805B-F57ACE38C020} = {F71495D6-4A8C-4493-805B-F57ACE38C020}
		{A9DF82E1-83CE-4557-A5F1-09239595FC65} = {A9DF82E1-83CE-4557-A5F1-09239595FC65}
		{2746EEEB-7B71-4C8A-8AC2-55825CC69C1D} = {2746EEEB-7B71-4C8A-8AC2-55825CC69C1D}
	EndProjectSection
EndProject
Project("{8BC9CEB8-8B4A-11D0-8D11-00A0C91BC942}") = "framework", "framework.vcproj", "{A9DF82E1-83CE-4557-A5F1-09239595FC65}"
EndProject
Project("{8BC9CEB8-8B4A-11D0-8D11-00A0C91BC942}") = "shared", "shared.vcproj", "{32582559-3A91-4BCF-948A-07EBB850DEC5}"
	ProjectSection(ProjectDependencies) = postProject
		{A9DF82E1-83CE-4557-A5F1-09239595FC65} = {A9DF82E1-83CE-4557-A5F1-09239595FC65}
	EndProjectSection
EndProject
Project("{8BC9CEB8-8B4A-11D0-8D11-00A0C91BC942}") = "input", "input.vcproj", "{6D92D889-462C-4731-AF52-A67805F96463}"
	ProjectSection(ProjectDependencies) = postProject
		{32582559-3A91-4BCF-948A-07EBB850DEC5} = {32582559-3A91-4BCF-948A-07EBB850DEC5}
		{A9DF82E1-83CE-4557-A5F1-09239595FC65} = {A9DF82E1-83CE-4557-A5F1-09239595FC65}
	EndProjectSection
EndProject
Project("{8BC9CEB8-8B4A-11D0-8D11-00A0C91BC942}") = "output", "output.vcproj", "{3CB2CEA2-4EEF-4311-B068-46CD904B12AD}"
	ProjectSection(ProjectDependencies) = postProject
		{32582559-3A91-4BCF-948A-07EBB850DEC5} = {32582559-3A91-4BCF-948A-07EBB850DEC5}
		{A9DF82E1-83CE-4557-A5F1-09239595FC65} = {A9DF82E1-83CE-4557-A5F1-09239595FC65}
	EndProjectSection
EndProject
Project("{8BC9CEB8-8B4A-11D0-8D11-00A0C91BC942}") = "filtering", "filtering.vcproj", "{699FE57A-45B2-4382-9810-8F4C33BA8793}"
	ProjectSection(ProjectDependencies) = postProject
		{32582559-3A91-4BCF-948A-07EBB850DEC5} = {32582559-3A91-4BCF-948A-07EBB850DEC5}
		{A9DF82E1-83CE-4557-A5F1-09239595FC65} = {A9DF82E1-83CE-4557-A5F1-09239595FC65}
	EndProjectSection
EndProject
Project("{8BC9CEB8-8B4A-11D0-8D11-00A0C91BC942}") = "clustering", "clustering.vcproj", "{2746EEEB-7B71-4C8A-8AC2-55825CC69C1D}"
	ProjectSection(ProjectDependencies) = postProject
		{32582559-3A91-4BCF-948A-07EBB850DEC5} = {32582559-3A91-4BCF-948A-07EBB850DEC5}
		{699FE57A-45B2-4382-9810-8F4C33BA8793} = {699FE57A-45B2-4382-9810-8F4C33BA8793}
		{A9DF82E1-83CE-4557-A5F1-09239595FC65} = {A9DF82E1-83CE-4557-A5F1-09239595FC65}
	EndProjectSection
EndProject
Project("{8BC9CEB8-8B4A-11D0-8D11-00A0C91BC942}") = "assembly", "assembly.vcproj", "{F71495D6-4A8C-4493-805B-F57ACE38C020}"
	ProjectSection(ProjectDependencies) = postProject
		{4C746607-B671-4B48-BA83-CDE2B6785ECB} = {4C746607-B671-4B48-BA83-CDE2B6785ECB}
		{32582559-3A91-4BCF-948A-07EBB850DEC5} = {32582559-3A91-4BCF-948A-07EBB850DEC5}
		{A9DF82E1-83CE-4557-A5F1-09239595FC65} = {A9DF82E1-83CE-4557-A5F1-09239595FC65}
	EndProjectSection
EndProject
Project("{8BC9CEB8-8B4A-11D0-8D11-00A0C91BC942}") = "baton", "baton.vcproj", "{4C746607-B671-4B48-BA83-CDE2B6785ECB}"
	ProjectSection(ProjectDependencies) = postProject
		{32582559-3A91-4BCF-948A-07EBB850DEC5} = {32582559-3A91-4BCF-948A-07EBB850DEC5}
		{A9DF82E1-83CE-4557-A5F1-09239595FC65} = {A9DF82E1-83CE-4557-A5F1-09239595FC65}
	EndProjectSection
EndProject
Project("{8BC9CEB8-8B4A-11D0-8D11-00A0C91BC942}") = "peace_library", "peace_library.vcproj", "{9567166F-1CFC-4B8B-8893-AC4527DDB168}"
	ProjectSection(ProjectDependencies) = postProject
		{4C746607-B671-4B48-BA83-CDE2B6785ECB} = {4C746607-B671-4B48-BA83-CDE2B6785ECB}
		{32582559-3A91-4BCF-948A-07EBB850DEC5} = {32582559-3A91-4BCF-948A-07EBB850DEC5}
		{699FE57A-45B2-4382-9810-8F4C33BA8793} = {699FE57A-45B2-4382-9810-8F4C33BA8793}
		{6D92D889-462C-4731-AF52-A67805F96463} = {6D92D889-462C-4731-AF52-A67805F96463}
		{3CB2CEA2-4EEF-4311-B068-46CD904B12AD} = {3CB2CEA2-4EEF-4311-B068-46CD904B12AD}
		{F71495D6-4A8C-4493-805B-F57ACE38C020} = {F71495D6-4A8C-4493-805B-F57ACE38C020}
		{A9DF82E1-83CE-4557-A5F1-09239595FC65} = {A9DF82E1-83CE-4557-A5F1-09239595FC65}
		{2746EEEB-7B71-4C8A-8AC2-55825CC69C1D} = {2746EEEB-7B71-4C8A-8AC2-55825CC69C1D}
	EndProjectSection
EndProject
Project("{8BC9CEB8-8B4A-11D0-8D11-00A0C91BC942}") = "launcher", "..\tools\launcher\launcher.vcproj", "{8736F263-C500-4FBC-B6E7-B5FB68140570}"
EndProject
Global
	GlobalSection(SolutionConfigurationPlatforms) = preSolution
		Debug|Win32 = Debug|Win32
		Release|Win32 = Release|Win32
	EndGlobalSection
	GlobalSection(ProjectConfigurationPlatforms) = postSolution
		{9EBA0669-F2A1-4D6D-9A20-5C7D3067437C}.Debug|Win32.ActiveCfg = Debug|Win32
		{9EBA0669-F2A1-4D6D-9A20-5C7D3067437C}.Debug|Win32.Build.0 = Debug|Win32
		{9EBA0669-F2A1-4D6D-9A20-5C7D3067437C}.Release|Win32.ActiveCfg = Release|Win32
		{9EBA0669-F2A1-4D6D-9A20-5C7D3067437C}.Release|Win32.Build.0 = Release|Win32
		{A9DF82E1-83CE-4557-A5F1-09239595FC65}.Debug|Win32.ActiveCfg = Debug|Win32
		{A9DF82E1-83CE-4557-A5F1-09239595FC65}.Debug|Win32.Build.0 = Debug|Win32
		{A9DF82E1-83CE-4557-A5F1-09239595FC65}.Release|Win32.ActiveCfg = Release|Win32
		{A9DF82E1-83CE-4557-A5F1-09239595FC65}.Release|Win32.Build.0 = Release|Win32
		{32582559-3A91-4BCF-948A-07EBB850DEC5}.Debug|Win32.ActiveCfg = Debug|Win32
		{32582559-3A91-4BCF-948A-07EBB850DEC5}.Debug|Win32.Build.0 = Debug|Win32
		{32582559-3A91-4BCF-948A-07EBB850DEC5}.Release|Win32.ActiveCfg = Release|Win32
		{32582559-3A91-4BCF-948A-07EBB850DEC5}.Release|Win32.Build.0 = Release|Win32
		{6D92D889-462C-4731-AF52-A67805F96463}.Debug|Win32.ActiveCfg = Debug|Win32
		{6D92D889-462C-4731-AF52-A67805F96463}.Debug|Win32.Build.0 = Debug|Win32
		{6D92D889-462C-4731-AF52-A67805F96463}.Release|Win32.ActiveCfg = Release|Win32
		{6D92D889-462C-4731-AF52-A67805F96463}.Release|Win32.Build.0 = Release|Win32
		{3CB2CEA2-4EEF-4311-B068-46CD904B12AD}.Debug|Win32.ActiveCfg = Debug|Win32
		{3CB2CEA2-4EEF-4311-B068-46CD904B12AD}.Debug|Win32.Build.0 = Debug|Win32
		{3CB2CEA2-4EEF-4311-B068-46CD904B12AD}.Release|Win32.ActiveCfg = Release|Win32
		{3CB2CEA2-4EEF-4311-B068-46CD904B12AD}.Release|Win32.Build.0 = Release|Win32
		{699FE57A-45B2-4382-9810-8F4C33BA8793}.Debug|Win32.ActiveCfg = Debug|Win32
		{699FE57A-45B2-4382-9810-8F4C33BA8793}.Debug|Win32.Build.0 = Debug|Win32
		{699FE57A-45B2-4382-9810-8F4C33BA8793}.Release|Win32.ActiveCfg = Release|Win32
		{699FE57A-45B2-4382-9810-8F4C33BA8793}.Release|Win32.Build.0 = Release|Win32
		{2746EEEB-7B71-4C8A-8AC2-55825CC69C1D}.Debug|Win32.ActiveCfg = Debug|Win32
		{2746EEEB-7B71-4C8A-8AC2-55825CC69C1D}.Debug|Win32.Build.0 = Debug|Win32
		{2746EEEB-7B71-4C8A-8AC2-55825CC69C1D}.Release|Win32.ActiveCfg = Release|Win32
		{2746EEEB-7B71-4C8A-8AC2-55825CC69C1D}.Release|Win32.Build.0 = Release|Win32
		{F71495D6-4A8C-4493-805B-F57ACE38C020}.Debug|Win32.ActiveCfg = Debug|Win32
		{F71495D6-4A8C-4493-805B-F57ACE38C020}.Debug|Win32.Build.0 = Debug|Win32
		{F71495D6-4A8C-4493-805B-F57ACE38C020}.Release|Win32.ActiveCfg = Release|Win32
		{F71495D6-4A8C-4493-805B-F57ACE38C020}.Release|Win32.Build.0 = Release|Win32
		{4C746607-B671-4B48-BA83-CDE2B6785ECB}.Debug|Win32.ActiveCfg = Debug|Win32
		{4C746607-B671-4B48-BA83-CDE2B6785ECB}.Debug|Win32.Build.0 = Debug|Win32
		{4C746607-B671-4B48-BA83-CDE2B6785ECB}.Release|Win32.ActiveCfg = Release|Win32
		{4C746607-B671-4B48-BA83-CDE2B6785ECB}.Release|Win32.Build.0 = Release|Win32
		{9567166F-1CFC-4B8B-8893-AC4527DDB168}.Debug|Win32.ActiveCfg = Debug|Win32
		{9567166F-1CFC-4B8B-8893-AC4527DDB168}.Debug|Win32.Build.0 = Debug|Win32
		{9567166F-1CFC-4B8B-8893-AC4527DDB168}.Release|Win32.ActiveCfg = Release|Win32
		{9567166F-1CFC-4B8B-8893-AC4527DDB168}.Release|Win32.Build.0 = Release|Win32
		{8736F263-C500-4FBC-B6E7-B5FB68140570}.Debug|Win32.ActiveCfg = Debug|Win32
		{8736F263-C500-4FBC-B6E7-B5FB68140570}.Debug|Win32.Build.0 = Debug|Win32
		{8736F263-C500-4FBC-B6E7-B5FB68140570}.Release|Win32.ActiveCfg = Release|Win32
		{8736F263-C500-4FBC-B6E7-B5FB68140570}.Release|Win32.Build.0 = Release|Win32
	EndGlobalSection
	GlobalSection(SolutionProperties) = preSolution
		HideSolutionNode = FALSE
	EndGlobalSection
EndGlobal
